// !$*UTF8*$!
{
	archiveVersion = 1;
	classes = {
	};
	objectVersion = 50;
	objects = {

/* Begin PBXBuildFile section */
		177C0FE123EE8EB0008DF9CA /* UIView+cFrame.m in Sources */ = {isa = PBXBuildFile; fileRef = 177C0FE023EE8EB0008DF9CA /* UIView+cFrame.m */; };
		931F841622D71AB700A7A995 /* UIView+CXibExt.m in Sources */ = {isa = PBXBuildFile; fileRef = 931F841522D71AB700A7A995 /* UIView+CXibExt.m */; };
		933D50902293E5AF00BB2161 /* UIImageView+CImageView.m in Sources */ = {isa = PBXBuildFile; fileRef = 933D508F2293E5AF00BB2161 /* UIImageView+CImageView.m */; };
		933D50932293E69700BB2161 /* UITextField+CTextField.m in Sources */ = {isa = PBXBuildFile; fileRef = 933D50922293E69700BB2161 /* UITextField+CTextField.m */; };
		933D5096229508EC00BB2161 /* CTopTipView.m in Sources */ = {isa = PBXBuildFile; fileRef = 933D5095229508EC00BB2161 /* CTopTipView.m */; };
		933D5098229508FA00BB2161 /* CTopTipView.xib in Resources */ = {isa = PBXBuildFile; fileRef = 933D5097229508FA00BB2161 /* CTopTipView.xib */; };
		933D94E9229F813400424525 /* UIView+CToast.m in Sources */ = {isa = PBXBuildFile; fileRef = 933D94E8229F813400424525 /* UIView+CToast.m */; };
		9346AEF922D74B2700857CFB /* CTimer.m in Sources */ = {isa = PBXBuildFile; fileRef = 9346AEF822D74B2700857CFB /* CTimer.m */; };
		9347F6D122954DD0006B0F5B /* TopTipViewDemoController.m in Sources */ = {isa = PBXBuildFile; fileRef = 9347F6CF22954DD0006B0F5B /* TopTipViewDemoController.m */; };
		9347F6D222954DD0006B0F5B /* TopTipViewDemoController.xib in Resources */ = {isa = PBXBuildFile; fileRef = 9347F6D022954DD0006B0F5B /* TopTipViewDemoController.xib */; };
		9347F6D7229551A5006B0F5B /* cActionViewController.m in Sources */ = {isa = PBXBuildFile; fileRef = 9347F6D5229551A5006B0F5B /* cActionViewController.m */; };
		9347F6D8229551A5006B0F5B /* cActionViewController.xib in Resources */ = {isa = PBXBuildFile; fileRef = 9347F6D6229551A5006B0F5B /* cActionViewController.xib */; };
		9347F6DA22955256006B0F5B /* 我是一张图片@2x.png in Resources */ = {isa = PBXBuildFile; fileRef = 9347F6D922955256006B0F5B /* 我是一张图片@2x.png */; };
		9347F6DF2295561E006B0F5B /* cParStrViewController.m in Sources */ = {isa = PBXBuildFile; fileRef = 9347F6DD2295561E006B0F5B /* cParStrViewController.m */; };
		9347F6E02295561E006B0F5B /* cParStrViewController.xib in Resources */ = {isa = PBXBuildFile; fileRef = 9347F6DE2295561E006B0F5B /* cParStrViewController.xib */; };
		938295192293D92200386771 /* CToolImages.bundle in Resources */ = {isa = PBXBuildFile; fileRef = 938295182293D92200386771 /* CToolImages.bundle */; };
		938295202293E18700386771 /* UIButton+CButton.m in Sources */ = {isa = PBXBuildFile; fileRef = 9382951F2293E18700386771 /* UIButton+CButton.m */; };
		938295232293E42C00386771 /* UILabel+CLabel.m in Sources */ = {isa = PBXBuildFile; fileRef = 938295222293E42C00386771 /* UILabel+CLabel.m */; };
		938629F32296826300D3A8D6 /* TableViewCell.swift in Sources */ = {isa = PBXBuildFile; fileRef = 938629F12296826300D3A8D6 /* TableViewCell.swift */; };
		938629F42296826300D3A8D6 /* TableViewCell.xib in Resources */ = {isa = PBXBuildFile; fileRef = 938629F22296826300D3A8D6 /* TableViewCell.xib */; };
		93D380B12292C8A100F013E5 /* AppDelegate.m in Sources */ = {isa = PBXBuildFile; fileRef = 93D380B02292C8A100F013E5 /* AppDelegate.m */; };
		93D380B42292C8A100F013E5 /* ViewController.m in Sources */ = {isa = PBXBuildFile; fileRef = 93D380B32292C8A100F013E5 /* ViewController.m */; };
		93D380B72292C8A100F013E5 /* Main.storyboard in Resources */ = {isa = PBXBuildFile; fileRef = 93D380B52292C8A100F013E5 /* Main.storyboard */; };
		93D380B92292C8A200F013E5 /* Assets.xcassets in Resources */ = {isa = PBXBuildFile; fileRef = 93D380B82292C8A200F013E5 /* Assets.xcassets */; };
		93D380BC2292C8A200F013E5 /* LaunchScreen.storyboard in Resources */ = {isa = PBXBuildFile; fileRef = 93D380BA2292C8A200F013E5 /* LaunchScreen.storyboard */; };
		93D380BF2292C8A200F013E5 /* main.m in Sources */ = {isa = PBXBuildFile; fileRef = 93D380BE2292C8A200F013E5 /* main.m */; };
		93D380C82292C96600F013E5 /* CTool.m in Sources */ = {isa = PBXBuildFile; fileRef = 93D380C72292C96600F013E5 /* CTool.m */; };
		93D7FE8D22DDCFD5008DF758 /* UILabel+CXibExt.m in Sources */ = {isa = PBXBuildFile; fileRef = 93D7FE8C22DDCFD5008DF758 /* UILabel+CXibExt.m */; };
		93E3F3E122C373F0008CE7D2 /* CCopyLabel.m in Sources */ = {isa = PBXBuildFile; fileRef = 93E3F3E022C373F0008CE7D2 /* CCopyLabel.m */; };
		93E3F3E622C375E7008CE7D2 /* CCopyLabelController.m in Sources */ = {isa = PBXBuildFile; fileRef = 93E3F3E422C375E7008CE7D2 /* CCopyLabelController.m */; };
		93E3F3E722C375E7008CE7D2 /* CCopyLabelController.xib in Resources */ = {isa = PBXBuildFile; fileRef = 93E3F3E522C375E7008CE7D2 /* CCopyLabelController.xib */; };
/* End PBXBuildFile section */

/* Begin PBXFileReference section */
		177C0FDF23EE8EB0008DF9CA /* UIView+cFrame.h */ = {isa = PBXFileReference; lastKnownFileType = sourcecode.c.h; path = "UIView+cFrame.h"; sourceTree = "<group>"; };
		177C0FE023EE8EB0008DF9CA /* UIView+cFrame.m */ = {isa = PBXFileReference; lastKnownFileType = sourcecode.c.objc; path = "UIView+cFrame.m"; sourceTree = "<group>"; };
		931F841422D71AB700A7A995 /* UIView+CXibExt.h */ = {isa = PBXFileReference; lastKnownFileType = sourcecode.c.h; path = "UIView+CXibExt.h"; sourceTree = "<group>"; };
		931F841522D71AB700A7A995 /* UIView+CXibExt.m */ = {isa = PBXFileReference; lastKnownFileType = sourcecode.c.objc; path = "UIView+CXibExt.m"; sourceTree = "<group>"; };
		933D508E2293E5AF00BB2161 /* UIImageView+CImageView.h */ = {isa = PBXFileReference; lastKnownFileType = sourcecode.c.h; path = "UIImageView+CImageView.h"; sourceTree = "<group>"; };
		933D508F2293E5AF00BB2161 /* UIImageView+CImageView.m */ = {isa = PBXFileReference; lastKnownFileType = sourcecode.c.objc; path = "UIImageView+CImageView.m"; sourceTree = "<group>"; };
		933D50912293E69700BB2161 /* UITextField+CTextField.h */ = {isa = PBXFileReference; lastKnownFileType = sourcecode.c.h; path = "UITextField+CTextField.h"; sourceTree = "<group>"; };
		933D50922293E69700BB2161 /* UITextField+CTextField.m */ = {isa = PBXFileReference; lastKnownFileType = sourcecode.c.objc; path = "UITextField+CTextField.m"; sourceTree = "<group>"; };
		933D5094229508EC00BB2161 /* CTopTipView.h */ = {isa = PBXFileReference; lastKnownFileType = sourcecode.c.h; path = CTopTipView.h; sourceTree = "<group>"; };
		933D5095229508EC00BB2161 /* CTopTipView.m */ = {isa = PBXFileReference; lastKnownFileType = sourcecode.c.objc; path = CTopTipView.m; sourceTree = "<group>"; };
		933D5097229508FA00BB2161 /* CTopTipView.xib */ = {isa = PBXFileReference; lastKnownFileType = file.xib; path = CTopTipView.xib; sourceTree = "<group>"; };
		933D94E7229F813400424525 /* UIView+CToast.h */ = {isa = PBXFileReference; fileEncoding = 4; lastKnownFileType = sourcecode.c.h; path = "UIView+CToast.h"; sourceTree = "<group>"; };
		933D94E8229F813400424525 /* UIView+CToast.m */ = {isa = PBXFileReference; fileEncoding = 4; lastKnownFileType = sourcecode.c.objc; path = "UIView+CToast.m"; sourceTree = "<group>"; };
		9346AEF722D74B2700857CFB /* CTimer.h */ = {isa = PBXFileReference; lastKnownFileType = sourcecode.c.h; path = CTimer.h; sourceTree = "<group>"; };
		9346AEF822D74B2700857CFB /* CTimer.m */ = {isa = PBXFileReference; lastKnownFileType = sourcecode.c.objc; path = CTimer.m; sourceTree = "<group>"; };
		9347F6CE22954DD0006B0F5B /* TopTipViewDemoController.h */ = {isa = PBXFileReference; lastKnownFileType = sourcecode.c.h; path = TopTipViewDemoController.h; sourceTree = "<group>"; };
		9347F6CF22954DD0006B0F5B /* TopTipViewDemoController.m */ = {isa = PBXFileReference; lastKnownFileType = sourcecode.c.objc; path = TopTipViewDemoController.m; sourceTree = "<group>"; };
		9347F6D022954DD0006B0F5B /* TopTipViewDemoController.xib */ = {isa = PBXFileReference; lastKnownFileType = file.xib; path = TopTipViewDemoController.xib; sourceTree = "<group>"; };
		9347F6D4229551A5006B0F5B /* cActionViewController.h */ = {isa = PBXFileReference; lastKnownFileType = sourcecode.c.h; path = cActionViewController.h; sourceTree = "<group>"; };
		9347F6D5229551A5006B0F5B /* cActionViewController.m */ = {isa = PBXFileReference; lastKnownFileType = sourcecode.c.objc; path = cActionViewController.m; sourceTree = "<group>"; };
		9347F6D6229551A5006B0F5B /* cActionViewController.xib */ = {isa = PBXFileReference; lastKnownFileType = file.xib; path = cActionViewController.xib; sourceTree = "<group>"; };
		9347F6D922955256006B0F5B /* 我是一张图片@2x.png */ = {isa = PBXFileReference; lastKnownFileType = image.png; path = "我是一张图片@2x.png"; sourceTree = "<group>"; };
		9347F6DC2295561E006B0F5B /* cParStrViewController.h */ = {isa = PBXFileReference; lastKnownFileType = sourcecode.c.h; path = cParStrViewController.h; sourceTree = "<group>"; };
		9347F6DD2295561E006B0F5B /* cParStrViewController.m */ = {isa = PBXFileReference; lastKnownFileType = sourcecode.c.objc; path = cParStrViewController.m; sourceTree = "<group>"; };
		9347F6DE2295561E006B0F5B /* cParStrViewController.xib */ = {isa = PBXFileReference; lastKnownFileType = file.xib; path = cParStrViewController.xib; sourceTree = "<group>"; };
		938295182293D92200386771 /* CToolImages.bundle */ = {isa = PBXFileReference; lastKnownFileType = "wrapper.plug-in"; path = CToolImages.bundle; sourceTree = "<group>"; };
		9382951E2293E18700386771 /* UIButton+CButton.h */ = {isa = PBXFileReference; lastKnownFileType = sourcecode.c.h; path = "UIButton+CButton.h"; sourceTree = "<group>"; };
		9382951F2293E18700386771 /* UIButton+CButton.m */ = {isa = PBXFileReference; lastKnownFileType = sourcecode.c.objc; path = "UIButton+CButton.m"; sourceTree = "<group>"; };
		938295212293E42C00386771 /* UILabel+CLabel.h */ = {isa = PBXFileReference; lastKnownFileType = sourcecode.c.h; path = "UILabel+CLabel.h"; sourceTree = "<group>"; };
		938295222293E42C00386771 /* UILabel+CLabel.m */ = {isa = PBXFileReference; lastKnownFileType = sourcecode.c.objc; path = "UILabel+CLabel.m"; sourceTree = "<group>"; };
		938629F02296826200D3A8D6 /* CToolDemo-Bridging-Header.h */ = {isa = PBXFileReference; lastKnownFileType = sourcecode.c.h; path = "CToolDemo-Bridging-Header.h"; sourceTree = "<group>"; };
		938629F12296826300D3A8D6 /* TableViewCell.swift */ = {isa = PBXFileReference; lastKnownFileType = sourcecode.swift; path = TableViewCell.swift; sourceTree = "<group>"; };
		938629F22296826300D3A8D6 /* TableViewCell.xib */ = {isa = PBXFileReference; lastKnownFileType = file.xib; path = TableViewCell.xib; sourceTree = "<group>"; };
		93D380AC2292C8A000F013E5 /* CToolDemo.app */ = {isa = PBXFileReference; explicitFileType = wrapper.application; includeInIndex = 0; path = CToolDemo.app; sourceTree = BUILT_PRODUCTS_DIR; };
		93D380AF2292C8A100F013E5 /* AppDelegate.h */ = {isa = PBXFileReference; lastKnownFileType = sourcecode.c.h; path = AppDelegate.h; sourceTree = "<group>"; };
		93D380B02292C8A100F013E5 /* AppDelegate.m */ = {isa = PBXFileReference; lastKnownFileType = sourcecode.c.objc; path = AppDelegate.m; sourceTree = "<group>"; };
		93D380B22292C8A100F013E5 /* ViewController.h */ = {isa = PBXFileReference; lastKnownFileType = sourcecode.c.h; path = ViewController.h; sourceTree = "<group>"; };
		93D380B32292C8A100F013E5 /* ViewController.m */ = {isa = PBXFileReference; lastKnownFileType = sourcecode.c.objc; path = ViewController.m; sourceTree = "<group>"; };
		93D380B62292C8A100F013E5 /* Base */ = {isa = PBXFileReference; lastKnownFileType = file.storyboard; name = Base; path = Base.lproj/Main.storyboard; sourceTree = "<group>"; };
		93D380B82292C8A200F013E5 /* Assets.xcassets */ = {isa = PBXFileReference; lastKnownFileType = folder.assetcatalog; path = Assets.xcassets; sourceTree = "<group>"; };
		93D380BB2292C8A200F013E5 /* Base */ = {isa = PBXFileReference; lastKnownFileType = file.storyboard; name = Base; path = Base.lproj/LaunchScreen.storyboard; sourceTree = "<group>"; };
		93D380BD2292C8A200F013E5 /* Info.plist */ = {isa = PBXFileReference; lastKnownFileType = text.plist.xml; path = Info.plist; sourceTree = "<group>"; };
		93D380BE2292C8A200F013E5 /* main.m */ = {isa = PBXFileReference; lastKnownFileType = sourcecode.c.objc; path = main.m; sourceTree = "<group>"; };
		93D380C62292C96600F013E5 /* CTool.h */ = {isa = PBXFileReference; lastKnownFileType = sourcecode.c.h; path = CTool.h; sourceTree = "<group>"; };
		93D380C72292C96600F013E5 /* CTool.m */ = {isa = PBXFileReference; lastKnownFileType = sourcecode.c.objc; path = CTool.m; sourceTree = "<group>"; };
		93D7FE8B22DDCFD5008DF758 /* UILabel+CXibExt.h */ = {isa = PBXFileReference; lastKnownFileType = sourcecode.c.h; path = "UILabel+CXibExt.h"; sourceTree = "<group>"; };
		93D7FE8C22DDCFD5008DF758 /* UILabel+CXibExt.m */ = {isa = PBXFileReference; lastKnownFileType = sourcecode.c.objc; path = "UILabel+CXibExt.m"; sourceTree = "<group>"; };
		93E3F3DF22C373F0008CE7D2 /* CCopyLabel.h */ = {isa = PBXFileReference; lastKnownFileType = sourcecode.c.h; path = CCopyLabel.h; sourceTree = "<group>"; };
		93E3F3E022C373F0008CE7D2 /* CCopyLabel.m */ = {isa = PBXFileReference; lastKnownFileType = sourcecode.c.objc; path = CCopyLabel.m; sourceTree = "<group>"; };
		93E3F3E322C375E7008CE7D2 /* CCopyLabelController.h */ = {isa = PBXFileReference; lastKnownFileType = sourcecode.c.h; path = CCopyLabelController.h; sourceTree = "<group>"; };
		93E3F3E422C375E7008CE7D2 /* CCopyLabelController.m */ = {isa = PBXFileReference; lastKnownFileType = sourcecode.c.objc; path = CCopyLabelController.m; sourceTree = "<group>"; };
		93E3F3E522C375E7008CE7D2 /* CCopyLabelController.xib */ = {isa = PBXFileReference; lastKnownFileType = file.xib; path = CCopyLabelController.xib; sourceTree = "<group>"; };
/* End PBXFileReference section */

/* Begin PBXFrameworksBuildPhase section */
		93D380A92292C8A000F013E5 /* Frameworks */ = {
			isa = PBXFrameworksBuildPhase;
			buildActionMask = 2147483647;
			files = (
			);
			runOnlyForDeploymentPostprocessing = 0;
		};
/* End PBXFrameworksBuildPhase section */

/* Begin PBXGroup section */
		9347F6CD22954DAF006B0F5B /* TopTipView */ = {
			isa = PBXGroup;
			children = (
				9347F6CE22954DD0006B0F5B /* TopTipViewDemoController.h */,
				9347F6CF22954DD0006B0F5B /* TopTipViewDemoController.m */,
				9347F6D022954DD0006B0F5B /* TopTipViewDemoController.xib */,
			);
			path = TopTipView;
			sourceTree = "<group>";
		};
		9347F6D32295517E006B0F5B /* cAction */ = {
			isa = PBXGroup;
			children = (
				9347F6D4229551A5006B0F5B /* cActionViewController.h */,
				9347F6D5229551A5006B0F5B /* cActionViewController.m */,
				9347F6D6229551A5006B0F5B /* cActionViewController.xib */,
				9347F6D922955256006B0F5B /* 我是一张图片@2x.png */,
			);
			path = cAction;
			sourceTree = "<group>";
		};
		9347F6DB2295560F006B0F5B /* cParStr */ = {
			isa = PBXGroup;
			children = (
				9347F6DC2295561E006B0F5B /* cParStrViewController.h */,
				9347F6DD2295561E006B0F5B /* cParStrViewController.m */,
				9347F6DE2295561E006B0F5B /* cParStrViewController.xib */,
			);
			path = cParStr;
			sourceTree = "<group>";
		};
		93D380A32292C8A000F013E5 = {
			isa = PBXGroup;
			children = (
				93D380C52292C94000F013E5 /* CTool */,
				93D380AE2292C8A000F013E5 /* CToolDemo */,
				93D380AD2292C8A000F013E5 /* Products */,
			);
			sourceTree = "<group>";
		};
		93D380AD2292C8A000F013E5 /* Products */ = {
			isa = PBXGroup;
			children = (
				93D380AC2292C8A000F013E5 /* CToolDemo.app */,
			);
			name = Products;
			sourceTree = "<group>";
		};
		93D380AE2292C8A000F013E5 /* CToolDemo */ = {
			isa = PBXGroup;
			children = (
				93D380AF2292C8A100F013E5 /* AppDelegate.h */,
				93D380B02292C8A100F013E5 /* AppDelegate.m */,
				93D380B22292C8A100F013E5 /* ViewController.h */,
				93D380B32292C8A100F013E5 /* ViewController.m */,
				938629F12296826300D3A8D6 /* TableViewCell.swift */,
				938629F22296826300D3A8D6 /* TableViewCell.xib */,
				93E3F3E222C375CC008CE7D2 /* CCopyLabel */,
				9347F6DB2295560F006B0F5B /* cParStr */,
				9347F6D32295517E006B0F5B /* cAction */,
				9347F6CD22954DAF006B0F5B /* TopTipView */,
				93D380B52292C8A100F013E5 /* Main.storyboard */,
				93D380B82292C8A200F013E5 /* Assets.xcassets */,
				93D380BA2292C8A200F013E5 /* LaunchScreen.storyboard */,
				93D380BD2292C8A200F013E5 /* Info.plist */,
				93D380BE2292C8A200F013E5 /* main.m */,
				938629F02296826200D3A8D6 /* CToolDemo-Bridging-Header.h */,
			);
			path = CToolDemo;
			sourceTree = "<group>";
		};
		93D380C52292C94000F013E5 /* CTool */ = {
			isa = PBXGroup;
			children = (
				93D380C62292C96600F013E5 /* CTool.h */,
				93D380C72292C96600F013E5 /* CTool.m */,
				9382951E2293E18700386771 /* UIButton+CButton.h */,
				9382951F2293E18700386771 /* UIButton+CButton.m */,
				938295212293E42C00386771 /* UILabel+CLabel.h */,
				938295222293E42C00386771 /* UILabel+CLabel.m */,
				933D94E7229F813400424525 /* UIView+CToast.h */,
				933D94E8229F813400424525 /* UIView+CToast.m */,
				933D508E2293E5AF00BB2161 /* UIImageView+CImageView.h */,
				933D508F2293E5AF00BB2161 /* UIImageView+CImageView.m */,
				933D50912293E69700BB2161 /* UITextField+CTextField.h */,
				933D50922293E69700BB2161 /* UITextField+CTextField.m */,
				933D5094229508EC00BB2161 /* CTopTipView.h */,
				933D5095229508EC00BB2161 /* CTopTipView.m */,
				933D5097229508FA00BB2161 /* CTopTipView.xib */,
				93E3F3DF22C373F0008CE7D2 /* CCopyLabel.h */,
				93E3F3E022C373F0008CE7D2 /* CCopyLabel.m */,
				931F841422D71AB700A7A995 /* UIView+CXibExt.h */,
				931F841522D71AB700A7A995 /* UIView+CXibExt.m */,
				93D7FE8B22DDCFD5008DF758 /* UILabel+CXibExt.h */,
				93D7FE8C22DDCFD5008DF758 /* UILabel+CXibExt.m */,
				177C0FDF23EE8EB0008DF9CA /* UIView+cFrame.h */,
				177C0FE023EE8EB0008DF9CA /* UIView+cFrame.m */,
				9346AEF722D74B2700857CFB /* CTimer.h */,
				9346AEF822D74B2700857CFB /* CTimer.m */,
				938295182293D92200386771 /* CToolImages.bundle */,
			);
			path = CTool;
			sourceTree = "<group>";
		};
		93E3F3E222C375CC008CE7D2 /* CCopyLabel */ = {
			isa = PBXGroup;
			children = (
				93E3F3E322C375E7008CE7D2 /* CCopyLabelController.h */,
				93E3F3E422C375E7008CE7D2 /* CCopyLabelController.m */,
				93E3F3E522C375E7008CE7D2 /* CCopyLabelController.xib */,
			);
			path = CCopyLabel;
			sourceTree = "<group>";
		};
/* End PBXGroup section */

/* Begin PBXNativeTarget section */
		93D380AB2292C8A000F013E5 /* CToolDemo */ = {
			isa = PBXNativeTarget;
			buildConfigurationList = 93D380C22292C8A200F013E5 /* Build configuration list for PBXNativeTarget "CToolDemo" */;
			buildPhases = (
				93D380A82292C8A000F013E5 /* Sources */,
				93D380A92292C8A000F013E5 /* Frameworks */,
				93D380AA2292C8A000F013E5 /* Resources */,
			);
			buildRules = (
			);
			dependencies = (
			);
			name = CToolDemo;
			productName = CToolDemo;
			productReference = 93D380AC2292C8A000F013E5 /* CToolDemo.app */;
			productType = "com.apple.product-type.application";
		};
/* End PBXNativeTarget section */

/* Begin PBXProject section */
		93D380A42292C8A000F013E5 /* Project object */ = {
			isa = PBXProject;
			attributes = {
				LastUpgradeCheck = 1020;
				ORGANIZATIONNAME = cyc;
				TargetAttributes = {
					93D380AB2292C8A000F013E5 = {
						CreatedOnToolsVersion = 10.2;
						LastSwiftMigration = 1020;
					};
				};
			};
			buildConfigurationList = 93D380A72292C8A000F013E5 /* Build configuration list for PBXProject "CToolDemo" */;
			compatibilityVersion = "Xcode 9.3";
			developmentRegion = en;
			hasScannedForEncodings = 0;
			knownRegions = (
				en,
				Base,
			);
			mainGroup = 93D380A32292C8A000F013E5;
			productRefGroup = 93D380AD2292C8A000F013E5 /* Products */;
			projectDirPath = "";
			projectRoot = "";
			targets = (
				93D380AB2292C8A000F013E5 /* CToolDemo */,
			);
		};
/* End PBXProject section */

/* Begin PBXResourcesBuildPhase section */
		93D380AA2292C8A000F013E5 /* Resources */ = {
			isa = PBXResourcesBuildPhase;
			buildActionMask = 2147483647;
			files = (
				93D380BC2292C8A200F013E5 /* LaunchScreen.storyboard in Resources */,
				938629F42296826300D3A8D6 /* TableViewCell.xib in Resources */,
				9347F6D222954DD0006B0F5B /* TopTipViewDemoController.xib in Resources */,
				93E3F3E722C375E7008CE7D2 /* CCopyLabelController.xib in Resources */,
				938295192293D92200386771 /* CToolImages.bundle in Resources */,
				93D380B92292C8A200F013E5 /* Assets.xcassets in Resources */,
				9347F6E02295561E006B0F5B /* cParStrViewController.xib in Resources */,
				93D380B72292C8A100F013E5 /* Main.storyboard in Resources */,
				933D5098229508FA00BB2161 /* CTopTipView.xib in Resources */,
				9347F6D8229551A5006B0F5B /* cActionViewController.xib in Resources */,
				9347F6DA22955256006B0F5B /* 我是一张图片@2x.png in Resources */,
			);
			runOnlyForDeploymentPostprocessing = 0;
		};
/* End PBXResourcesBuildPhase section */

/* Begin PBXSourcesBuildPhase section */
		93D380A82292C8A000F013E5 /* Sources */ = {
			isa = PBXSourcesBuildPhase;
			buildActionMask = 2147483647;
			files = (
				177C0FE123EE8EB0008DF9CA /* UIView+cFrame.m in Sources */,
				93E3F3E122C373F0008CE7D2 /* CCopyLabel.m in Sources */,
				938629F32296826300D3A8D6 /* TableViewCell.swift in Sources */,
				933D50902293E5AF00BB2161 /* UIImageView+CImageView.m in Sources */,
				93E3F3E622C375E7008CE7D2 /* CCopyLabelController.m in Sources */,
				93D380B42292C8A100F013E5 /* ViewController.m in Sources */,
				93D380BF2292C8A200F013E5 /* main.m in Sources */,
				938295202293E18700386771 /* UIButton+CButton.m in Sources */,
				9346AEF922D74B2700857CFB /* CTimer.m in Sources */,
				93D380B12292C8A100F013E5 /* AppDelegate.m in Sources */,
				933D94E9229F813400424525 /* UIView+CToast.m in Sources */,
				933D50932293E69700BB2161 /* UITextField+CTextField.m in Sources */,
				93D380C82292C96600F013E5 /* CTool.m in Sources */,
				9347F6D122954DD0006B0F5B /* TopTipViewDemoController.m in Sources */,
				931F841622D71AB700A7A995 /* UIView+CXibExt.m in Sources */,
				9347F6DF2295561E006B0F5B /* cParStrViewController.m in Sources */,
				9347F6D7229551A5006B0F5B /* cActionViewController.m in Sources */,
				938295232293E42C00386771 /* UILabel+CLabel.m in Sources */,
				93D7FE8D22DDCFD5008DF758 /* UILabel+CXibExt.m in Sources */,
				933D5096229508EC00BB2161 /* CTopTipView.m in Sources */,
			);
			runOnlyForDeploymentPostprocessing = 0;
		};
/* End PBXSourcesBuildPhase section */

/* Begin PBXVariantGroup section */
		93D380B52292C8A100F013E5 /* Main.storyboard */ = {
			isa = PBXVariantGroup;
			children = (
				93D380B62292C8A100F013E5 /* Base */,
			);
			name = Main.storyboard;
			sourceTree = "<group>";
		};
		93D380BA2292C8A200F013E5 /* LaunchScreen.storyboard */ = {
			isa = PBXVariantGroup;
			children = (
				93D380BB2292C8A200F013E5 /* Base */,
			);
			name = LaunchScreen.storyboard;
			sourceTree = "<group>";
		};
/* End PBXVariantGroup section */

/* Begin XCBuildConfiguration section */
		93D380C02292C8A200F013E5 /* Debug */ = {
			isa = XCBuildConfiguration;
			buildSettings = {
				ALWAYS_SEARCH_USER_PATHS = NO;
				CLANG_ANALYZER_NONNULL = YES;
				CLANG_ANALYZER_NUMBER_OBJECT_CONVERSION = YES_AGGRESSIVE;
				CLANG_CXX_LANGUAGE_STANDARD = "gnu++14";
				CLANG_CXX_LIBRARY = "libc++";
				CLANG_ENABLE_MODULES = YES;
				CLANG_ENABLE_OBJC_ARC = YES;
				CLANG_ENABLE_OBJC_WEAK = YES;
				CLANG_WARN_BLOCK_CAPTURE_AUTORELEASING = YES;
				CLANG_WARN_BOOL_CONVERSION = YES;
				CLANG_WARN_COMMA = YES;
				CLANG_WARN_CONSTANT_CONVERSION = YES;
				CLANG_WARN_DEPRECATED_OBJC_IMPLEMENTATIONS = YES;
				CLANG_WARN_DIRECT_OBJC_ISA_USAGE = YES_ERROR;
				CLANG_WARN_DOCUMENTATION_COMMENTS = YES;
				CLANG_WARN_EMPTY_BODY = YES;
				CLANG_WARN_ENUM_CONVERSION = YES;
				CLANG_WARN_INFINITE_RECURSION = YES;
				CLANG_WARN_INT_CONVERSION = YES;
				CLANG_WARN_NON_LITERAL_NULL_CONVERSION = YES;
				CLANG_WARN_OBJC_IMPLICIT_RETAIN_SELF = YES;
				CLANG_WARN_OBJC_LITERAL_CONVERSION = YES;
				CLANG_WARN_OBJC_ROOT_CLASS = YES_ERROR;
				CLANG_WARN_RANGE_LOOP_ANALYSIS = YES;
				CLANG_WARN_STRICT_PROTOTYPES = YES;
				CLANG_WARN_SUSPICIOUS_MOVE = YES;
				CLANG_WARN_UNGUARDED_AVAILABILITY = YES_AGGRESSIVE;
				CLANG_WARN_UNREACHABLE_CODE = YES;
				CLANG_WARN__DUPLICATE_METHOD_MATCH = YES;
				CODE_SIGN_IDENTITY = "iPhone Developer";
				COPY_PHASE_STRIP = NO;
				DEBUG_INFORMATION_FORMAT = dwarf;
				ENABLE_STRICT_OBJC_MSGSEND = YES;
				ENABLE_TESTABILITY = YES;
				GCC_C_LANGUAGE_STANDARD = gnu11;
				GCC_DYNAMIC_NO_PIC = NO;
				GCC_NO_COMMON_BLOCKS = YES;
				GCC_OPTIMIZATION_LEVEL = 0;
				GCC_PREPROCESSOR_DEFINITIONS = (
					"DEBUG=1",
					"$(inherited)",
				);
				GCC_WARN_64_TO_32_BIT_CONVERSION = YES;
				GCC_WARN_ABOUT_RETURN_TYPE = YES_ERROR;
				GCC_WARN_UNDECLARED_SELECTOR = YES;
				GCC_WARN_UNINITIALIZED_AUTOS = YES_AGGRESSIVE;
				GCC_WARN_UNUSED_FUNCTION = YES;
				GCC_WARN_UNUSED_VARIABLE = YES;
				IPHONEOS_DEPLOYMENT_TARGET = 12.2;
				MTL_ENABLE_DEBUG_INFO = INCLUDE_SOURCE;
				MTL_FAST_MATH = YES;
				ONLY_ACTIVE_ARCH = YES;
				SDKROOT = iphoneos;
			};
			name = Debug;
		};
		93D380C12292C8A200F013E5 /* Release */ = {
			isa = XCBuildConfiguration;
			buildSettings = {
				ALWAYS_SEARCH_USER_PATHS = NO;
				CLANG_ANALYZER_NONNULL = YES;
				CLANG_ANALYZER_NUMBER_OBJECT_CONVERSION = YES_AGGRESSIVE;
				CLANG_CXX_LANGUAGE_STANDARD = "gnu++14";
				CLANG_CXX_LIBRARY = "libc++";
				CLANG_ENABLE_MODULES = YES;
				CLANG_ENABLE_OBJC_ARC = YES;
				CLANG_ENABLE_OBJC_WEAK = YES;
				CLANG_WARN_BLOCK_CAPTURE_AUTORELEASING = YES;
				CLANG_WARN_BOOL_CONVERSION = YES;
				CLANG_WARN_COMMA = YES;
				CLANG_WARN_CONSTANT_CONVERSION = YES;
				CLANG_WARN_DEPRECATED_OBJC_IMPLEMENTATIONS = YES;
				CLANG_WARN_DIRECT_OBJC_ISA_USAGE = YES_ERROR;
				CLANG_WARN_DOCUMENTATION_COMMENTS = YES;
				CLANG_WARN_EMPTY_BODY = YES;
				CLANG_WARN_ENUM_CONVERSION = YES;
				CLANG_WARN_INFINITE_RECURSION = YES;
				CLANG_WARN_INT_CONVERSION = YES;
				CLANG_WARN_NON_LITERAL_NULL_CONVERSION = YES;
				CLANG_WARN_OBJC_IMPLICIT_RETAIN_SELF = YES;
				CLANG_WARN_OBJC_LITERAL_CONVERSION = YES;
				CLANG_WARN_OBJC_ROOT_CLASS = YES_ERROR;
				CLANG_WARN_RANGE_LOOP_ANALYSIS = YES;
				CLANG_WARN_STRICT_PROTOTYPES = YES;
				CLANG_WARN_SUSPICIOUS_MOVE = YES;
				CLANG_WARN_UNGUARDED_AVAILABILITY = YES_AGGRESSIVE;
				CLANG_WARN_UNREACHABLE_CODE = YES;
				CLANG_WARN__DUPLICATE_METHOD_MATCH = YES;
				CODE_SIGN_IDENTITY = "iPhone Developer";
				COPY_PHASE_STRIP = NO;
				DEBUG_INFORMATION_FORMAT = "dwarf-with-dsym";
				ENABLE_NS_ASSERTIONS = NO;
				ENABLE_STRICT_OBJC_MSGSEND = YES;
				GCC_C_LANGUAGE_STANDARD = gnu11;
				GCC_NO_COMMON_BLOCKS = YES;
				GCC_WARN_64_TO_32_BIT_CONVERSION = YES;
				GCC_WARN_ABOUT_RETURN_TYPE = YES_ERROR;
				GCC_WARN_UNDECLARED_SELECTOR = YES;
				GCC_WARN_UNINITIALIZED_AUTOS = YES_AGGRESSIVE;
				GCC_WARN_UNUSED_FUNCTION = YES;
				GCC_WARN_UNUSED_VARIABLE = YES;
				IPHONEOS_DEPLOYMENT_TARGET = 12.2;
				MTL_ENABLE_DEBUG_INFO = NO;
				MTL_FAST_MATH = YES;
				SDKROOT = iphoneos;
				VALIDATE_PRODUCT = YES;
			};
			name = Release;
		};
		93D380C32292C8A200F013E5 /* Debug */ = {
			isa = XCBuildConfiguration;
			buildSettings = {
				ALWAYS_EMBED_SWIFT_STANDARD_LIBRARIES = YES;
				ASSETCATALOG_COMPILER_APPICON_NAME = AppIcon;
				CLANG_ENABLE_MODULES = YES;
				CODE_SIGN_STYLE = Manual;
				DEVELOPMENT_TEAM = "";
				INFOPLIST_FILE = CToolDemo/Info.plist;
				IPHONEOS_DEPLOYMENT_TARGET = 10.0;
				LD_RUNPATH_SEARCH_PATHS = (
					"$(inherited)",
					"@executable_path/Frameworks",
				);
				PRODUCT_BUNDLE_IDENTIFIER = com.sm.CToolDemo;
				PRODUCT_NAME = "$(TARGET_NAME)";
				PROVISIONING_PROFILE_SPECIFIER = "";
				SWIFT_OBJC_BRIDGING_HEADER = "CToolDemo/CToolDemo-Bridging-Header.h";
				SWIFT_OPTIMIZATION_LEVEL = "-Onone";
				SWIFT_VERSION = 5.0;
				TARGETED_DEVICE_FAMILY = "1,2";
			};
			name = Debug;
		};
		93D380C42292C8A200F013E5 /* Release */ = {
			isa = XCBuildConfiguration;
			buildSettings = {
				ALWAYS_EMBED_SWIFT_STANDARD_LIBRARIES = YES;
				ASSETCATALOG_COMPILER_APPICON_NAME = AppIcon;
				CLANG_ENABLE_MODULES = YES;
				CODE_SIGN_STYLE = Manual;
				DEVELOPMENT_TEAM = "";
				INFOPLIST_FILE = CToolDemo/Info.plist;
				IPHONEOS_DEPLOYMENT_TARGET = 10.0;
				LD_RUNPATH_SEARCH_PATHS = (
					"$(inherited)",
					"@executable_path/Frameworks",
				);
				PRODUCT_BUNDLE_IDENTIFIER = com.sm.CToolDemo;
				PRODUCT_NAME = "$(TARGET_NAME)";
				PROVISIONING_PROFILE_SPECIFIER = "";
				SWIFT_OBJC_BRIDGING_HEADER = "CToolDemo/CToolDemo-Bridging-Header.h";
				SWIFT_VERSION = 5.0;
				TARGETED_DEVICE_FAMILY = "1,2";
			};
			name = Release;
		};
/* End XCBuildConfiguration section */

/* Begin XCConfigurationList section */
		93D380A72292C8A000F013E5 /* Build configuration list for PBXProject "CToolDemo" */ = {
			isa = XCConfigurationList;
			buildConfigurations = (
				93D380C02292C8A200F013E5 /* Debug */,
				93D380C12292C8A200F013E5 /* Release */,
			);
			defaultConfigurationIsVisible = 0;
			defaultConfigurationName = Release;
		};
		93D380C22292C8A200F013E5 /* Build configuration list for PBXNativeTarget "CToolDemo" */ = {
			isa = XCConfigurationList;
			buildConfigurations = (
				93D380C32292C8A200F013E5 /* Debug */,
				93D380C42292C8A200F013E5 /* Release */,
			);
			defaultConfigurationIsVisible = 0;
			defaultConfigurationName = Release;
		};
/* End XCConfigurationList section */
	};
	rootObject = 93D380A42292C8A000F013E5 /* Project object */;
}
